// !$*UTF8*$!
{
	archiveVersion = 1;
	classes = {
	};
	objectVersion = 56;
	objects = {

/* Begin PBXBuildFile section */
		4D80B4912AF3378200656BC4 /* FirebaseChatApp.swift in Sources */ = {isa = PBXBuildFile; fileRef = 4D80B4902AF3378200656BC4 /* FirebaseChatApp.swift */; };
		4D80B4932AF3378200656BC4 /* ContentView.swift in Sources */ = {isa = PBXBuildFile; fileRef = 4D80B4922AF3378200656BC4 /* ContentView.swift */; };
		4D80B4952AF3378300656BC4 /* Assets.xcassets in Resources */ = {isa = PBXBuildFile; fileRef = 4D80B4942AF3378300656BC4 /* Assets.xcassets */; };
		4D80B4982AF3378300656BC4 /* Preview Assets.xcassets in Resources */ = {isa = PBXBuildFile; fileRef = 4D80B4972AF3378300656BC4 /* Preview Assets.xcassets */; };
		4D80B49F2AF337F600656BC4 /* GoogleService-Info.plist in Resources */ = {isa = PBXBuildFile; fileRef = 4D80B49E2AF337F600656BC4 /* GoogleService-Info.plist */; };
		4D80B4A22AF33AAB00656BC4 /* FirebaseAnalytics in Frameworks */ = {isa = PBXBuildFile; productRef = 4D80B4A12AF33AAB00656BC4 /* FirebaseAnalytics */; };
		4D80B4A42AF33AAB00656BC4 /* FirebaseAnalyticsOnDeviceConversion in Frameworks */ = {isa = PBXBuildFile; productRef = 4D80B4A32AF33AAB00656BC4 /* FirebaseAnalyticsOnDeviceConversion */; };
		4D80B4A62AF33AAB00656BC4 /* FirebaseAnalyticsSwift in Frameworks */ = {isa = PBXBuildFile; productRef = 4D80B4A52AF33AAB00656BC4 /* FirebaseAnalyticsSwift */; };
		4D80B4A82AF33AAB00656BC4 /* FirebaseAnalyticsWithoutAdIdSupport in Frameworks */ = {isa = PBXBuildFile; productRef = 4D80B4A72AF33AAB00656BC4 /* FirebaseAnalyticsWithoutAdIdSupport */; };
		4D80B4AA2AF33AAB00656BC4 /* FirebaseAppCheck in Frameworks */ = {isa = PBXBuildFile; productRef = 4D80B4A92AF33AAB00656BC4 /* FirebaseAppCheck */; };
		4D80B4AC2AF33AAB00656BC4 /* FirebaseAppDistribution-Beta in Frameworks */ = {isa = PBXBuildFile; productRef = 4D80B4AB2AF33AAB00656BC4 /* FirebaseAppDistribution-Beta */; };
		4D80B4AE2AF33AAB00656BC4 /* FirebaseAuth in Frameworks */ = {isa = PBXBuildFile; productRef = 4D80B4AD2AF33AAB00656BC4 /* FirebaseAuth */; };
		4D80B4B02AF33AAB00656BC4 /* FirebaseAuthCombine-Community in Frameworks */ = {isa = PBXBuildFile; productRef = 4D80B4AF2AF33AAB00656BC4 /* FirebaseAuthCombine-Community */; };
		4D80B4B22AF33AAB00656BC4 /* FirebaseCrashlytics in Frameworks */ = {isa = PBXBuildFile; productRef = 4D80B4B12AF33AAB00656BC4 /* FirebaseCrashlytics */; };
		4D80B4B42AF33AAB00656BC4 /* FirebaseDatabase in Frameworks */ = {isa = PBXBuildFile; productRef = 4D80B4B32AF33AAB00656BC4 /* FirebaseDatabase */; };
		4D80B4B62AF33AAB00656BC4 /* FirebaseDatabaseSwift in Frameworks */ = {isa = PBXBuildFile; productRef = 4D80B4B52AF33AAB00656BC4 /* FirebaseDatabaseSwift */; };
		4D80B4B82AF33AAB00656BC4 /* FirebaseDynamicLinks in Frameworks */ = {isa = PBXBuildFile; productRef = 4D80B4B72AF33AAB00656BC4 /* FirebaseDynamicLinks */; };
		4D80B4BA2AF33AAB00656BC4 /* FirebaseFirestore in Frameworks */ = {isa = PBXBuildFile; productRef = 4D80B4B92AF33AAB00656BC4 /* FirebaseFirestore */; };
		4D80B4BC2AF33AAB00656BC4 /* FirebaseFirestoreCombine-Community in Frameworks */ = {isa = PBXBuildFile; productRef = 4D80B4BB2AF33AAB00656BC4 /* FirebaseFirestoreCombine-Community */; };
		4D80B4BE2AF33AAB00656BC4 /* FirebaseFirestoreSwift in Frameworks */ = {isa = PBXBuildFile; productRef = 4D80B4BD2AF33AAB00656BC4 /* FirebaseFirestoreSwift */; };
		4D80B4C02AF33AAB00656BC4 /* FirebaseFunctions in Frameworks */ = {isa = PBXBuildFile; productRef = 4D80B4BF2AF33AAB00656BC4 /* FirebaseFunctions */; };
		4D80B4C22AF33AAB00656BC4 /* FirebaseFunctionsCombine-Community in Frameworks */ = {isa = PBXBuildFile; productRef = 4D80B4C12AF33AAB00656BC4 /* FirebaseFunctionsCombine-Community */; };
		4D80B4C42AF33AAB00656BC4 /* FirebaseInAppMessaging-Beta in Frameworks */ = {isa = PBXBuildFile; productRef = 4D80B4C32AF33AAB00656BC4 /* FirebaseInAppMessaging-Beta */; };
		4D80B4C62AF33AAB00656BC4 /* FirebaseInAppMessagingSwift-Beta in Frameworks */ = {isa = PBXBuildFile; productRef = 4D80B4C52AF33AAB00656BC4 /* FirebaseInAppMessagingSwift-Beta */; };
		4D80B4C82AF33AAB00656BC4 /* FirebaseInstallations in Frameworks */ = {isa = PBXBuildFile; productRef = 4D80B4C72AF33AAB00656BC4 /* FirebaseInstallations */; };
		4D80B4CA2AF33AAB00656BC4 /* FirebaseMLModelDownloader in Frameworks */ = {isa = PBXBuildFile; productRef = 4D80B4C92AF33AAB00656BC4 /* FirebaseMLModelDownloader */; };
		4D80B4CC2AF33AAB00656BC4 /* FirebaseMessaging in Frameworks */ = {isa = PBXBuildFile; productRef = 4D80B4CB2AF33AAB00656BC4 /* FirebaseMessaging */; };
		4D80B4CE2AF33AAB00656BC4 /* FirebasePerformance in Frameworks */ = {isa = PBXBuildFile; productRef = 4D80B4CD2AF33AAB00656BC4 /* FirebasePerformance */; };
		4D80B4D02AF33AAB00656BC4 /* FirebaseRemoteConfig in Frameworks */ = {isa = PBXBuildFile; productRef = 4D80B4CF2AF33AAB00656BC4 /* FirebaseRemoteConfig */; };
		4D80B4D22AF33AAB00656BC4 /* FirebaseRemoteConfigSwift in Frameworks */ = {isa = PBXBuildFile; productRef = 4D80B4D12AF33AAB00656BC4 /* FirebaseRemoteConfigSwift */; };
		4D80B4D42AF33AAB00656BC4 /* FirebaseStorage in Frameworks */ = {isa = PBXBuildFile; productRef = 4D80B4D32AF33AAB00656BC4 /* FirebaseStorage */; };
		4D80B4D62AF33AAB00656BC4 /* FirebaseStorageCombine-Community in Frameworks */ = {isa = PBXBuildFile; productRef = 4D80B4D52AF33AAB00656BC4 /* FirebaseStorageCombine-Community */; };
/* End PBXBuildFile section */

/* Begin PBXFileReference section */
		4D80B48D2AF3378200656BC4 /* FirebaseChat.app */ = {isa = PBXFileReference; explicitFileType = wrapper.application; includeInIndex = 0; path = FirebaseChat.app; sourceTree = BUILT_PRODUCTS_DIR; };
		4D80B4902AF3378200656BC4 /* FirebaseChatApp.swift */ = {isa = PBXFileReference; lastKnownFileType = sourcecode.swift; path = FirebaseChatApp.swift; sourceTree = "<group>"; };
		4D80B4922AF3378200656BC4 /* ContentView.swift */ = {isa = PBXFileReference; lastKnownFileType = sourcecode.swift; path = ContentView.swift; sourceTree = "<group>"; };
		4D80B4942AF3378300656BC4 /* Assets.xcassets */ = {isa = PBXFileReference; lastKnownFileType = folder.assetcatalog; path = Assets.xcassets; sourceTree = "<group>"; };
		4D80B4972AF3378300656BC4 /* Preview Assets.xcassets */ = {isa = PBXFileReference; lastKnownFileType = folder.assetcatalog; path = "Preview Assets.xcassets"; sourceTree = "<group>"; };
		4D80B49E2AF337F600656BC4 /* GoogleService-Info.plist */ = {isa = PBXFileReference; fileEncoding = 4; lastKnownFileType = text.plist.xml; path = "GoogleService-Info.plist"; sourceTree = "<group>"; };
/* End PBXFileReference section */

/* Begin PBXFrameworksBuildPhase section */
		4D80B48A2AF3378200656BC4 /* Frameworks */ = {
			isa = PBXFrameworksBuildPhase;
			buildActionMask = 2147483647;
			files = (
				4D80B4B42AF33AAB00656BC4 /* FirebaseDatabase in Frameworks */,
				4D80B4C22AF33AAB00656BC4 /* FirebaseFunctionsCombine-Community in Frameworks */,
				4D80B4BA2AF33AAB00656BC4 /* FirebaseFirestore in Frameworks */,
				4D80B4A62AF33AAB00656BC4 /* FirebaseAnalyticsSwift in Frameworks */,
				4D80B4A22AF33AAB00656BC4 /* FirebaseAnalytics in Frameworks */,
				4D80B4A42AF33AAB00656BC4 /* FirebaseAnalyticsOnDeviceConversion in Frameworks */,
				4D80B4CA2AF33AAB00656BC4 /* FirebaseMLModelDownloader in Frameworks */,
				4D80B4BE2AF33AAB00656BC4 /* FirebaseFirestoreSwift in Frameworks */,
				4D80B4AA2AF33AAB00656BC4 /* FirebaseAppCheck in Frameworks */,
				4D80B4A82AF33AAB00656BC4 /* FirebaseAnalyticsWithoutAdIdSupport in Frameworks */,
				4D80B4AE2AF33AAB00656BC4 /* FirebaseAuth in Frameworks */,
				4D80B4B22AF33AAB00656BC4 /* FirebaseCrashlytics in Frameworks */,
				4D80B4D22AF33AAB00656BC4 /* FirebaseRemoteConfigSwift in Frameworks */,
				4D80B4C42AF33AAB00656BC4 /* FirebaseInAppMessaging-Beta in Frameworks */,
				4D80B4B62AF33AAB00656BC4 /* FirebaseDatabaseSwift in Frameworks */,
				4D80B4C02AF33AAB00656BC4 /* FirebaseFunctions in Frameworks */,
				4D80B4D62AF33AAB00656BC4 /* FirebaseStorageCombine-Community in Frameworks */,
				4D80B4D02AF33AAB00656BC4 /* FirebaseRemoteConfig in Frameworks */,
				4D80B4AC2AF33AAB00656BC4 /* FirebaseAppDistribution-Beta in Frameworks */,
				4D80B4B02AF33AAB00656BC4 /* FirebaseAuthCombine-Community in Frameworks */,
				4D80B4CE2AF33AAB00656BC4 /* FirebasePerformance in Frameworks */,
				4D80B4C62AF33AAB00656BC4 /* FirebaseInAppMessagingSwift-Beta in Frameworks */,
				4D80B4D42AF33AAB00656BC4 /* FirebaseStorage in Frameworks */,
				4D80B4B82AF33AAB00656BC4 /* FirebaseDynamicLinks in Frameworks */,
				4D80B4BC2AF33AAB00656BC4 /* FirebaseFirestoreCombine-Community in Frameworks */,
				4D80B4CC2AF33AAB00656BC4 /* FirebaseMessaging in Frameworks */,
				4D80B4C82AF33AAB00656BC4 /* FirebaseInstallations in Frameworks */,
			);
			runOnlyForDeploymentPostprocessing = 0;
		};
/* End PBXFrameworksBuildPhase section */

/* Begin PBXGroup section */
		4D80B4842AF3378200656BC4 = {
			isa = PBXGroup;
			children = (
				4D80B48F2AF3378200656BC4 /* FirebaseChat */,
				4D80B48E2AF3378200656BC4 /* Products */,
			);
			sourceTree = "<group>";
		};
		4D80B48E2AF3378200656BC4 /* Products */ = {
			isa = PBXGroup;
			children = (
				4D80B48D2AF3378200656BC4 /* FirebaseChat.app */,
			);
			name = Products;
			sourceTree = "<group>";
		};
		4D80B48F2AF3378200656BC4 /* FirebaseChat */ = {
			isa = PBXGroup;
			children = (
				4D80B4902AF3378200656BC4 /* FirebaseChatApp.swift */,
				4D80B4922AF3378200656BC4 /* ContentView.swift */,
				4D80B49E2AF337F600656BC4 /* GoogleService-Info.plist */,
				4D80B4942AF3378300656BC4 /* Assets.xcassets */,
				4D80B4962AF3378300656BC4 /* Preview Content */,
			);
			path = FirebaseChat;
			sourceTree = "<group>";
		};
		4D80B4962AF3378300656BC4 /* Preview Content */ = {
			isa = PBXGroup;
			children = (
				4D80B4972AF3378300656BC4 /* Preview Assets.xcassets */,
			);
			path = "Preview Content";
			sourceTree = "<group>";
		};
/* End PBXGroup section */

/* Begin PBXNativeTarget section */
		4D80B48C2AF3378200656BC4 /* FirebaseChat */ = {
			isa = PBXNativeTarget;
			buildConfigurationList = 4D80B49B2AF3378300656BC4 /* Build configuration list for PBXNativeTarget "FirebaseChat" */;
			buildPhases = (
				4D80B4892AF3378200656BC4 /* Sources */,
				4D80B48A2AF3378200656BC4 /* Frameworks */,
				4D80B48B2AF3378200656BC4 /* Resources */,
			);
			buildRules = (
			);
			dependencies = (
			);
			name = FirebaseChat;
			packageProductDependencies = (
				4D80B4A12AF33AAB00656BC4 /* FirebaseAnalytics */,
				4D80B4A32AF33AAB00656BC4 /* FirebaseAnalyticsOnDeviceConversion */,
				4D80B4A52AF33AAB00656BC4 /* FirebaseAnalyticsSwift */,
				4D80B4A72AF33AAB00656BC4 /* FirebaseAnalyticsWithoutAdIdSupport */,
				4D80B4A92AF33AAB00656BC4 /* FirebaseAppCheck */,
				4D80B4AB2AF33AAB00656BC4 /* FirebaseAppDistribution-Beta */,
				4D80B4AD2AF33AAB00656BC4 /* FirebaseAuth */,
				4D80B4AF2AF33AAB00656BC4 /* FirebaseAuthCombine-Community */,
				4D80B4B12AF33AAB00656BC4 /* FirebaseCrashlytics */,
				4D80B4B32AF33AAB00656BC4 /* FirebaseDatabase */,
				4D80B4B52AF33AAB00656BC4 /* FirebaseDatabaseSwift */,
				4D80B4B72AF33AAB00656BC4 /* FirebaseDynamicLinks */,
				4D80B4B92AF33AAB00656BC4 /* FirebaseFirestore */,
				4D80B4BB2AF33AAB00656BC4 /* FirebaseFirestoreCombine-Community */,
				4D80B4BD2AF33AAB00656BC4 /* FirebaseFirestoreSwift */,
				4D80B4BF2AF33AAB00656BC4 /* FirebaseFunctions */,
				4D80B4C12AF33AAB00656BC4 /* FirebaseFunctionsCombine-Community */,
				4D80B4C32AF33AAB00656BC4 /* FirebaseInAppMessaging-Beta */,
				4D80B4C52AF33AAB00656BC4 /* FirebaseInAppMessagingSwift-Beta */,
				4D80B4C72AF33AAB00656BC4 /* FirebaseInstallations */,
				4D80B4C92AF33AAB00656BC4 /* FirebaseMLModelDownloader */,
				4D80B4CB2AF33AAB00656BC4 /* FirebaseMessaging */,
				4D80B4CD2AF33AAB00656BC4 /* FirebasePerformance */,
				4D80B4CF2AF33AAB00656BC4 /* FirebaseRemoteConfig */,
				4D80B4D12AF33AAB00656BC4 /* FirebaseRemoteConfigSwift */,
				4D80B4D32AF33AAB00656BC4 /* FirebaseStorage */,
				4D80B4D52AF33AAB00656BC4 /* FirebaseStorageCombine-Community */,
			);
			productName = FirebaseChat;
			productReference = 4D80B48D2AF3378200656BC4 /* FirebaseChat.app */;
			productType = "com.apple.product-type.application";
		};
/* End PBXNativeTarget section */

/* Begin PBXProject section */
		4D80B4852AF3378200656BC4 /* Project object */ = {
			isa = PBXProject;
			attributes = {
				BuildIndependentTargetsInParallel = 1;
				LastSwiftUpdateCheck = 1500;
				LastUpgradeCheck = 1500;
				TargetAttributes = {
					4D80B48C2AF3378200656BC4 = {
						CreatedOnToolsVersion = 15.0.1;
					};
				};
			};
			buildConfigurationList = 4D80B4882AF3378200656BC4 /* Build configuration list for PBXProject "FirebaseChat" */;
			compatibilityVersion = "Xcode 14.0";
			developmentRegion = en;
			hasScannedForEncodings = 0;
			knownRegions = (
				en,
				Base,
			);
			mainGroup = 4D80B4842AF3378200656BC4;
			packageReferences = (
				4D80B4A02AF33AAB00656BC4 /* XCRemoteSwiftPackageReference "firebase-ios-sdk" */,
			);
			productRefGroup = 4D80B48E2AF3378200656BC4 /* Products */;
			projectDirPath = "";
			projectRoot = "";
			targets = (
				4D80B48C2AF3378200656BC4 /* FirebaseChat */,
			);
		};
/* End PBXProject section */

/* Begin PBXResourcesBuildPhase section */
		4D80B48B2AF3378200656BC4 /* Resources */ = {
			isa = PBXResourcesBuildPhase;
			buildActionMask = 2147483647;
			files = (
				4D80B4982AF3378300656BC4 /* Preview Assets.xcassets in Resources */,
				4D80B4952AF3378300656BC4 /* Assets.xcassets in Resources */,
				4D80B49F2AF337F600656BC4 /* GoogleService-Info.plist in Resources */,
			);
			runOnlyForDeploymentPostprocessing = 0;
		};
/* End PBXResourcesBuildPhase section */

/* Begin PBXSourcesBuildPhase section */
		4D80B4892AF3378200656BC4 /* Sources */ = {
			isa = PBXSourcesBuildPhase;
			buildActionMask = 2147483647;
			files = (
				4D80B4932AF3378200656BC4 /* ContentView.swift in Sources */,
				4D80B4912AF3378200656BC4 /* FirebaseChatApp.swift in Sources */,
			);
			runOnlyForDeploymentPostprocessing = 0;
		};
/* End PBXSourcesBuildPhase section */

/* Begin XCBuildConfiguration section */
		4D80B4992AF3378300656BC4 /* Debug */ = {
			isa = XCBuildConfiguration;
			buildSettings = {
				ALWAYS_SEARCH_USER_PATHS = NO;
				ASSETCATALOG_COMPILER_GENERATE_SWIFT_ASSET_SYMBOL_EXTENSIONS = YES;
				CLANG_ANALYZER_NONNULL = YES;
				CLANG_ANALYZER_NUMBER_OBJECT_CONVERSION = YES_AGGRESSIVE;
				CLANG_CXX_LANGUAGE_STANDARD = "gnu++20";
				CLANG_ENABLE_MODULES = YES;
				CLANG_ENABLE_OBJC_ARC = YES;
				CLANG_ENABLE_OBJC_WEAK = YES;
				CLANG_WARN_BLOCK_CAPTURE_AUTORELEASING = YES;
				CLANG_WARN_BOOL_CONVERSION = YES;
				CLANG_WARN_COMMA = YES;
				CLANG_WARN_CONSTANT_CONVERSION = YES;
				CLANG_WARN_DEPRECATED_OBJC_IMPLEMENTATIONS = YES;
				CLANG_WARN_DIRECT_OBJC_ISA_USAGE = YES_ERROR;
				CLANG_WARN_DOCUMENTATION_COMMENTS = YES;
				CLANG_WARN_EMPTY_BODY = YES;
				CLANG_WARN_ENUM_CONVERSION = YES;
				CLANG_WARN_INFINITE_RECURSION = YES;
				CLANG_WARN_INT_CONVERSION = YES;
				CLANG_WARN_NON_LITERAL_NULL_CONVERSION = YES;
				CLANG_WARN_OBJC_IMPLICIT_RETAIN_SELF = YES;
				CLANG_WARN_OBJC_LITERAL_CONVERSION = YES;
				CLANG_WARN_OBJC_ROOT_CLASS = YES_ERROR;
				CLANG_WARN_QUOTED_INCLUDE_IN_FRAMEWORK_HEADER = YES;
				CLANG_WARN_RANGE_LOOP_ANALYSIS = YES;
				CLANG_WARN_STRICT_PROTOTYPES = YES;
				CLANG_WARN_SUSPICIOUS_MOVE = YES;
				CLANG_WARN_UNGUARDED_AVAILABILITY = YES_AGGRESSIVE;
				CLANG_WARN_UNREACHABLE_CODE = YES;
				CLANG_WARN__DUPLICATE_METHOD_MATCH = YES;
				COPY_PHASE_STRIP = NO;
				DEBUG_INFORMATION_FORMAT = dwarf;
				ENABLE_STRICT_OBJC_MSGSEND = YES;
				ENABLE_TESTABILITY = YES;
				ENABLE_USER_SCRIPT_SANDBOXING = YES;
				GCC_C_LANGUAGE_STANDARD = gnu17;
				GCC_DYNAMIC_NO_PIC = NO;
				GCC_NO_COMMON_BLOCKS = YES;
				GCC_OPTIMIZATION_LEVEL = 0;
				GCC_PREPROCESSOR_DEFINITIONS = (
					"DEBUG=1",
					"$(inherited)",
				);
				GCC_WARN_64_TO_32_BIT_CONVERSION = YES;
				GCC_WARN_ABOUT_RETURN_TYPE = YES_ERROR;
				GCC_WARN_UNDECLARED_SELECTOR = YES;
				GCC_WARN_UNINITIALIZED_AUTOS = YES_AGGRESSIVE;
				GCC_WARN_UNUSED_FUNCTION = YES;
				GCC_WARN_UNUSED_VARIABLE = YES;
				IPHONEOS_DEPLOYMENT_TARGET = 17.0;
				LOCALIZATION_PREFERS_STRING_CATALOGS = YES;
				MTL_ENABLE_DEBUG_INFO = INCLUDE_SOURCE;
				MTL_FAST_MATH = YES;
				ONLY_ACTIVE_ARCH = YES;
				SDKROOT = iphoneos;
				SWIFT_ACTIVE_COMPILATION_CONDITIONS = "DEBUG $(inherited)";
				SWIFT_OPTIMIZATION_LEVEL = "-Onone";
			};
			name = Debug;
		};
		4D80B49A2AF3378300656BC4 /* Release */ = {
			isa = XCBuildConfiguration;
			buildSettings = {
				ALWAYS_SEARCH_USER_PATHS = NO;
				ASSETCATALOG_COMPILER_GENERATE_SWIFT_ASSET_SYMBOL_EXTENSIONS = YES;
				CLANG_ANALYZER_NONNULL = YES;
				CLANG_ANALYZER_NUMBER_OBJECT_CONVERSION = YES_AGGRESSIVE;
				CLANG_CXX_LANGUAGE_STANDARD = "gnu++20";
				CLANG_ENABLE_MODULES = YES;
				CLANG_ENABLE_OBJC_ARC = YES;
				CLANG_ENABLE_OBJC_WEAK = YES;
				CLANG_WARN_BLOCK_CAPTURE_AUTORELEASING = YES;
				CLANG_WARN_BOOL_CONVERSION = YES;
				CLANG_WARN_COMMA = YES;
				CLANG_WARN_CONSTANT_CONVERSION = YES;
				CLANG_WARN_DEPRECATED_OBJC_IMPLEMENTATIONS = YES;
				CLANG_WARN_DIRECT_OBJC_ISA_USAGE = YES_ERROR;
				CLANG_WARN_DOCUMENTATION_COMMENTS = YES;
				CLANG_WARN_EMPTY_BODY = YES;
				CLANG_WARN_ENUM_CONVERSION = YES;
				CLANG_WARN_INFINITE_RECURSION = YES;
				CLANG_WARN_INT_CONVERSION = YES;
				CLANG_WARN_NON_LITERAL_NULL_CONVERSION = YES;
				CLANG_WARN_OBJC_IMPLICIT_RETAIN_SELF = YES;
				CLANG_WARN_OBJC_LITERAL_CONVERSION = YES;
				CLANG_WARN_OBJC_ROOT_CLASS = YES_ERROR;
				CLANG_WARN_QUOTED_INCLUDE_IN_FRAMEWORK_HEADER = YES;
				CLANG_WARN_RANGE_LOOP_ANALYSIS = YES;
				CLANG_WARN_STRICT_PROTOTYPES = YES;
				CLANG_WARN_SUSPICIOUS_MOVE = YES;
				CLANG_WARN_UNGUARDED_AVAILABILITY = YES_AGGRESSIVE;
				CLANG_WARN_UNREACHABLE_CODE = YES;
				CLANG_WARN__DUPLICATE_METHOD_MATCH = YES;
				COPY_PHASE_STRIP = NO;
				DEBUG_INFORMATION_FORMAT = "dwarf-with-dsym";
				ENABLE_NS_ASSERTIONS = NO;
				ENABLE_STRICT_OBJC_MSGSEND = YES;
				ENABLE_USER_SCRIPT_SANDBOXING = YES;
				GCC_C_LANGUAGE_STANDARD = gnu17;
				GCC_NO_COMMON_BLOCKS = YES;
				GCC_WARN_64_TO_32_BIT_CONVERSION = YES;
				GCC_WARN_ABOUT_RETURN_TYPE = YES_ERROR;
				GCC_WARN_UNDECLARED_SELECTOR = YES;
				GCC_WARN_UNINITIALIZED_AUTOS = YES_AGGRESSIVE;
				GCC_WARN_UNUSED_FUNCTION = YES;
				GCC_WARN_UNUSED_VARIABLE = YES;
				IPHONEOS_DEPLOYMENT_TARGET = 17.0;
				LOCALIZATION_PREFERS_STRING_CATALOGS = YES;
				MTL_ENABLE_DEBUG_INFO = NO;
				MTL_FAST_MATH = YES;
				SDKROOT = iphoneos;
				SWIFT_COMPILATION_MODE = wholemodule;
				VALIDATE_PRODUCT = YES;
			};
			name = Release;
		};
		4D80B49C2AF3378300656BC4 /* Debug */ = {
			isa = XCBuildConfiguration;
			buildSettings = {
				ASSETCATALOG_COMPILER_APPICON_NAME = AppIcon;
				ASSETCATALOG_COMPILER_GLOBAL_ACCENT_COLOR_NAME = AccentColor;
				CODE_SIGN_STYLE = Automatic;
				CURRENT_PROJECT_VERSION = 1;
				DEVELOPMENT_ASSET_PATHS = "\"FirebaseChat/Preview Content\"";
				ENABLE_PREVIEWS = YES;
				GENERATE_INFOPLIST_FILE = YES;
				INFOPLIST_KEY_UIApplicationSceneManifest_Generation = YES;
				INFOPLIST_KEY_UIApplicationSupportsIndirectInputEvents = YES;
				INFOPLIST_KEY_UILaunchScreen_Generation = YES;
				INFOPLIST_KEY_UISupportedInterfaceOrientations_iPad = "UIInterfaceOrientationPortrait UIInterfaceOrientationPortraitUpsideDown UIInterfaceOrientationLandscapeLeft UIInterfaceOrientationLandscapeRight";
				INFOPLIST_KEY_UISupportedInterfaceOrientations_iPhone = "UIInterfaceOrientationPortrait UIInterfaceOrientationLandscapeLeft UIInterfaceOrientationLandscapeRight";
				LD_RUNPATH_SEARCH_PATHS = (
					"$(inherited)",
					"@executable_path/Frameworks",
				);
				MARKETING_VERSION = 1.0;
				PRODUCT_BUNDLE_IDENTIFIER = edu.usc.FirebaseChat;
				PRODUCT_NAME = "$(TARGET_NAME)";
				SWIFT_EMIT_LOC_STRINGS = YES;
				SWIFT_VERSION = 5.0;
				TARGETED_DEVICE_FAMILY = "1,2";
			};
			name = Debug;
		};
		4D80B49D2AF3378300656BC4 /* Release */ = {
			isa = XCBuildConfiguration;
			buildSettings = {
				ASSETCATALOG_COMPILER_APPICON_NAME = AppIcon;
				ASSETCATALOG_COMPILER_GLOBAL_ACCENT_COLOR_NAME = AccentColor;
				CODE_SIGN_STYLE = Automatic;
				CURRENT_PROJECT_VERSION = 1;
				DEVELOPMENT_ASSET_PATHS = "\"FirebaseChat/Preview Content\"";
				ENABLE_PREVIEWS = YES;
				GENERATE_INFOPLIST_FILE = YES;
				INFOPLIST_KEY_UIApplicationSceneManifest_Generation = YES;
				INFOPLIST_KEY_UIApplicationSupportsIndirectInputEvents = YES;
				INFOPLIST_KEY_UILaunchScreen_Generation = YES;
				INFOPLIST_KEY_UISupportedInterfaceOrientations_iPad = "UIInterfaceOrientationPortrait UIInterfaceOrientationPortraitUpsideDown UIInterfaceOrientationLandscapeLeft UIInterfaceOrientationLandscapeRight";
				INFOPLIST_KEY_UISupportedInterfaceOrientations_iPhone = "UIInterfaceOrientationPortrait UIInterfaceOrientationLandscapeLeft UIInterfaceOrientationLandscapeRight";
				LD_RUNPATH_SEARCH_PATHS = (
					"$(inherited)",
					"@executable_path/Frameworks",
				);
				MARKETING_VERSION = 1.0;
				PRODUCT_BUNDLE_IDENTIFIER = edu.usc.FirebaseChat;
				PRODUCT_NAME = "$(TARGET_NAME)";
				SWIFT_EMIT_LOC_STRINGS = YES;
				SWIFT_VERSION = 5.0;
				TARGETED_DEVICE_FAMILY = "1,2";
			};
			name = Release;
		};
/* End XCBuildConfiguration section */

/* Begin XCConfigurationList section */
		4D80B4882AF3378200656BC4 /* Build configuration list for PBXProject "FirebaseChat" */ = {
			isa = XCConfigurationList;
			buildConfigurations = (
				4D80B4992AF3378300656BC4 /* Debug */,
				4D80B49A2AF3378300656BC4 /* Release */,
			);
			defaultConfigurationIsVisible = 0;
			defaultConfigurationName = Release;
		};
		4D80B49B2AF3378300656BC4 /* Build configuration list for PBXNativeTarget "FirebaseChat" */ = {
			isa = XCConfigurationList;
			buildConfigurations = (
				4D80B49C2AF3378300656BC4 /* Debug */,
				4D80B49D2AF3378300656BC4 /* Release */,
			);
			defaultConfigurationIsVisible = 0;
			defaultConfigurationName = Release;
		};
/* End XCConfigurationList section */

/* Begin XCRemoteSwiftPackageReference section */
		4D80B4A02AF33AAB00656BC4 /* XCRemoteSwiftPackageReference "firebase-ios-sdk" */ = {
			isa = XCRemoteSwiftPackageReference;
			repositoryURL = "https://github.com/firebase/firebase-ios-sdk.git";
			requirement = {
				kind = upToNextMajorVersion;
				minimumVersion = 10.17.0;
			};
		};
/* End XCRemoteSwiftPackageReference section */

/* Begin XCSwiftPackageProductDependency section */
		4D80B4A12AF33AAB00656BC4 /* FirebaseAnalytics */ = {
			isa = XCSwiftPackageProductDependency;
			package = 4D80B4A02AF33AAB00656BC4 /* XCRemoteSwiftPackageReference "firebase-ios-sdk" */;
			productName = FirebaseAnalytics;
		};
		4D80B4A32AF33AAB00656BC4 /* FirebaseAnalyticsOnDeviceConversion */ = {
			isa = XCSwiftPackageProductDependency;
			package = 4D80B4A02AF33AAB00656BC4 /* XCRemoteSwiftPackageReference "firebase-ios-sdk" */;
			productName = FirebaseAnalyticsOnDeviceConversion;
		};
		4D80B4A52AF33AAB00656BC4 /* FirebaseAnalyticsSwift */ = {
			isa = XCSwiftPackageProductDependency;
			package = 4D80B4A02AF33AAB00656BC4 /* XCRemoteSwiftPackageReference "firebase-ios-sdk" */;
			productName = FirebaseAnalyticsSwift;
		};
		4D80B4A72AF33AAB00656BC4 /* FirebaseAnalyticsWithoutAdIdSupport */ = {
			isa = XCSwiftPackageProductDependency;
			package = 4D80B4A02AF33AAB00656BC4 /* XCRemoteSwiftPackageReference "firebase-ios-sdk" */;
			productName = FirebaseAnalyticsWithoutAdIdSupport;
		};
		4D80B4A92AF33AAB00656BC4 /* FirebaseAppCheck */ = {
			isa = XCSwiftPackageProductDependency;
			package = 4D80B4A02AF33AAB00656BC4 /* XCRemoteSwiftPackageReference "firebase-ios-sdk" */;
			productName = FirebaseAppCheck;
		};
		4D80B4AB2AF33AAB00656BC4 /* FirebaseAppDistribution-Beta */ = {
			isa = XCSwiftPackageProductDependency;
			package = 4D80B4A02AF33AAB00656BC4 /* XCRemoteSwiftPackageReference "firebase-ios-sdk" */;
			productName = "FirebaseAppDistribution-Beta";
		};
		4D80B4AD2AF33AAB00656BC4 /* FirebaseAuth */ = {
			isa = XCSwiftPackageProductDependency;
			package = 4D80B4A02AF33AAB00656BC4 /* XCRemoteSwiftPackageReference "firebase-ios-sdk" */;
			productName = FirebaseAuth;
		};
		4D80B4AF2AF33AAB00656BC4 /* FirebaseAuthCombine-Community */ = {
			isa = XCSwiftPackageProductDependency;
			package = 4D80B4A02AF33AAB00656BC4 /* XCRemoteSwiftPackageReference "firebase-ios-sdk" */;
			productName = "FirebaseAuthCombine-Community";
		};
		4D80B4B12AF33AAB00656BC4 /* FirebaseCrashlytics */ = {
			isa = XCSwiftPackageProductDependency;
			package = 4D80B4A02AF33AAB00656BC4 /* XCRemoteSwiftPackageReference "firebase-ios-sdk" */;
			productName = FirebaseCrashlytics;
		};
		4D80B4B32AF33AAB00656BC4 /* FirebaseDatabase */ = {
			isa = XCSwiftPackageProductDependency;
			package = 4D80B4A02AF33AAB00656BC4 /* XCRemoteSwiftPackageReference "firebase-ios-sdk" */;
			productName = FirebaseDatabase;
		};
		4D80B4B52AF33AAB00656BC4 /* FirebaseDatabaseSwift */ = {
			isa = XCSwiftPackageProductDependency;
			package = 4D80B4A02AF33AAB00656BC4 /* XCRemoteSwiftPackageReference "firebase-ios-sdk" */;
			productName = FirebaseDatabaseSwift;
		};
		4D80B4B72AF33AAB00656BC4 /* FirebaseDynamicLinks */ = {
			isa = XCSwiftPackageProductDependency;
			package = 4D80B4A02AF33AAB00656BC4 /* XCRemoteSwiftPackageReference "firebase-ios-sdk" */;
			productName = FirebaseDynamicLinks;
		};
		4D80B4B92AF33AAB00656BC4 /* FirebaseFirestore */ = {
			isa = XCSwiftPackageProductDependency;
			package = 4D80B4A02AF33AAB00656BC4 /* XCRemoteSwiftPackageReference "firebase-ios-sdk" */;
			productName = FirebaseFirestore;
		};
		4D80B4BB2AF33AAB00656BC4 /* FirebaseFirestoreCombine-Community */ = {
			isa = XCSwiftPackageProductDependency;
			package = 4D80B4A02AF33AAB00656BC4 /* XCRemoteSwiftPackageReference "firebase-ios-sdk" */;
			productName = "FirebaseFirestoreCombine-Community";
		};
		4D80B4BD2AF33AAB00656BC4 /* FirebaseFirestoreSwift */ = {
			isa = XCSwiftPackageProductDependency;
			package = 4D80B4A02AF33AAB00656BC4 /* XCRemoteSwiftPackageReference "firebase-ios-sdk" */;
			productName = FirebaseFirestoreSwift;
		};
		4D80B4BF2AF33AAB00656BC4 /* FirebaseFunctions */ = {
			isa = XCSwiftPackageProductDependency;
			package = 4D80B4A02AF33AAB00656BC4 /* XCRemoteSwiftPackageReference "firebase-ios-sdk" */;
			productName = FirebaseFunctions;
		};
		4D80B4C12AF33AAB00656BC4 /* FirebaseFunctionsCombine-Community */ = {
			isa = XCSwiftPackageProductDependency;
			package = 4D80B4A02AF33AAB00656BC4 /* XCRemoteSwiftPackageReference "firebase-ios-sdk" */;
			productName = "FirebaseFunctionsCombine-Community";
		};
		4D80B4C32AF33AAB00656BC4 /* FirebaseInAppMessaging-Beta */ = {
			isa = XCSwiftPackageProductDependency;
			package = 4D80B4A02AF33AAB00656BC4 /* XCRemoteSwiftPackageReference "firebase-ios-sdk" */;
			productName = "FirebaseInAppMessaging-Beta";
		};
		4D80B4C52AF33AAB00656BC4 /* FirebaseInAppMessagingSwift-Beta */ = {
			isa = XCSwiftPackageProductDependency;
			package = 4D80B4A02AF33AAB00656BC4 /* XCRemoteSwiftPackageReference "firebase-ios-sdk" */;
			productName = "FirebaseInAppMessagingSwift-Beta";
		};
		4D80B4C72AF33AAB00656BC4 /* FirebaseInstallations */ = {
			isa = XCSwiftPackageProductDependency;
			package = 4D80B4A02AF33AAB00656BC4 /* XCRemoteSwiftPackageReference "firebase-ios-sdk" */;
			productName = FirebaseInstallations;
		};
		4D80B4C92AF33AAB00656BC4 /* FirebaseMLModelDownloader */ = {
			isa = XCSwiftPackageProductDependency;
			package = 4D80B4A02AF33AAB00656BC4 /* XCRemoteSwiftPackageReference "firebase-ios-sdk" */;
			productName = FirebaseMLModelDownloader;
		};
		4D80B4CB2AF33AAB00656BC4 /* FirebaseMessaging */ = {
			isa = XCSwiftPackageProductDependency;
			package = 4D80B4A02AF33AAB00656BC4 /* XCRemoteSwiftPackageReference "firebase-ios-sdk" */;
			productName = FirebaseMessaging;
		};
		4D80B4CD2AF33AAB00656BC4 /* FirebasePerformance */ = {
			isa = XCSwiftPackageProductDependency;
			package = 4D80B4A02AF33AAB00656BC4 /* XCRemoteSwiftPackageReference "firebase-ios-sdk" */;
			productName = FirebasePerformance;
		};
		4D80B4CF2AF33AAB00656BC4 /* FirebaseRemoteConfig */ = {
			isa = XCSwiftPackageProductDependency;
			package = 4D80B4A02AF33AAB00656BC4 /* XCRemoteSwiftPackageReference "firebase-ios-sdk" */;
			productName = FirebaseRemoteConfig;
		};
		4D80B4D12AF33AAB00656BC4 /* FirebaseRemoteConfigSwift */ = {
			isa = XCSwiftPackageProductDependency;
			package = 4D80B4A02AF33AAB00656BC4 /* XCRemoteSwiftPackageReference "firebase-ios-sdk" */;
			productName = FirebaseRemoteConfigSwift;
		};
		4D80B4D32AF33AAB00656BC4 /* FirebaseStorage */ = {
			isa = XCSwiftPackageProductDependency;
			package = 4D80B4A02AF33AAB00656BC4 /* XCRemoteSwiftPackageReference "firebase-ios-sdk" */;
			productName = FirebaseStorage;
		};
		4D80B4D52AF33AAB00656BC4 /* FirebaseStorageCombine-Community */ = {
			isa = XCSwiftPackageProductDependency;
			package = 4D80B4A02AF33AAB00656BC4 /* XCRemoteSwiftPackageReference "firebase-ios-sdk" */;
			productName = "FirebaseStorageCombine-Community";
		};
/* End XCSwiftPackageProductDependency section */
	};
	rootObject = 4D80B4852AF3378200656BC4 /* Project object */;
}
