// !$*UTF8*$!
{
	archiveVersion = 1;
	classes = {
	};
	objectVersion = 56;
	objects = {

/* Begin PBXBuildFile section */
		4D128D0D2AB937580038608D /* QuoteGeneratorApp.swift in Sources */ = {isa = PBXBuildFile; fileRef = 4D128D0C2AB937580038608D /* QuoteGeneratorApp.swift */; };
		4D128D0F2AB937580038608D /* ContentView.swift in Sources */ = {isa = PBXBuildFile; fileRef = 4D128D0E2AB937580038608D /* ContentView.swift */; };
		4D128D112AB9375A0038608D /* Assets.xcassets in Resources */ = {isa = PBXBuildFile; fileRef = 4D128D102AB9375A0038608D /* Assets.xcassets */; };
		4D128D142AB9375A0038608D /* Preview Assets.xcassets in Resources */ = {isa = PBXBuildFile; fileRef = 4D128D132AB9375A0038608D /* Preview Assets.xcassets */; };
		4D128D1E2AB9375A0038608D /* QuoteGeneratorTests.swift in Sources */ = {isa = PBXBuildFile; fileRef = 4D128D1D2AB9375A0038608D /* QuoteGeneratorTests.swift */; };
		4D128D282AB9375A0038608D /* QuoteGeneratorUITests.swift in Sources */ = {isa = PBXBuildFile; fileRef = 4D128D272AB9375A0038608D /* QuoteGeneratorUITests.swift */; };
		4D128D2A2AB9375A0038608D /* QuoteGeneratorUITestsLaunchTests.swift in Sources */ = {isa = PBXBuildFile; fileRef = 4D128D292AB9375A0038608D /* QuoteGeneratorUITestsLaunchTests.swift */; };
		4D128D3A2AB938E70038608D /* Quote.swift in Sources */ = {isa = PBXBuildFile; fileRef = 4D128D392AB938E70038608D /* Quote.swift */; };
		4D128D3C2AB939610038608D /* QuoteViewModel.swift in Sources */ = {isa = PBXBuildFile; fileRef = 4D128D3B2AB939610038608D /* QuoteViewModel.swift */; };
/* End PBXBuildFile section */

/* Begin PBXContainerItemProxy section */
		4D128D1A2AB9375A0038608D /* PBXContainerItemProxy */ = {
			isa = PBXContainerItemProxy;
			containerPortal = 4D128D012AB937580038608D /* Project object */;
			proxyType = 1;
			remoteGlobalIDString = 4D128D082AB937580038608D;
			remoteInfo = QuoteGenerator;
		};
		4D128D242AB9375A0038608D /* PBXContainerItemProxy */ = {
			isa = PBXContainerItemProxy;
			containerPortal = 4D128D012AB937580038608D /* Project object */;
			proxyType = 1;
			remoteGlobalIDString = 4D128D082AB937580038608D;
			remoteInfo = QuoteGenerator;
		};
/* End PBXContainerItemProxy section */

/* Begin PBXFileReference section */
		4D128D092AB937580038608D /* QuoteGenerator.app */ = {isa = PBXFileReference; explicitFileType = wrapper.application; includeInIndex = 0; path = QuoteGenerator.app; sourceTree = BUILT_PRODUCTS_DIR; };
		4D128D0C2AB937580038608D /* QuoteGeneratorApp.swift */ = {isa = PBXFileReference; lastKnownFileType = sourcecode.swift; path = QuoteGeneratorApp.swift; sourceTree = "<group>"; };
		4D128D0E2AB937580038608D /* ContentView.swift */ = {isa = PBXFileReference; lastKnownFileType = sourcecode.swift; path = ContentView.swift; sourceTree = "<group>"; };
		4D128D102AB9375A0038608D /* Assets.xcassets */ = {isa = PBXFileReference; lastKnownFileType = folder.assetcatalog; path = Assets.xcassets; sourceTree = "<group>"; };
		4D128D132AB9375A0038608D /* Preview Assets.xcassets */ = {isa = PBXFileReference; lastKnownFileType = folder.assetcatalog; path = "Preview Assets.xcassets"; sourceTree = "<group>"; };
		4D128D192AB9375A0038608D /* QuoteGeneratorTests.xctest */ = {isa = PBXFileReference; explicitFileType = wrapper.cfbundle; includeInIndex = 0; path = QuoteGeneratorTests.xctest; sourceTree = BUILT_PRODUCTS_DIR; };
		4D128D1D2AB9375A0038608D /* QuoteGeneratorTests.swift */ = {isa = PBXFileReference; lastKnownFileType = sourcecode.swift; path = QuoteGeneratorTests.swift; sourceTree = "<group>"; };
		4D128D232AB9375A0038608D /* QuoteGeneratorUITests.xctest */ = {isa = PBXFileReference; explicitFileType = wrapper.cfbundle; includeInIndex = 0; path = QuoteGeneratorUITests.xctest; sourceTree = BUILT_PRODUCTS_DIR; };
		4D128D272AB9375A0038608D /* QuoteGeneratorUITests.swift */ = {isa = PBXFileReference; lastKnownFileType = sourcecode.swift; path = QuoteGeneratorUITests.swift; sourceTree = "<group>"; };
		4D128D292AB9375A0038608D /* QuoteGeneratorUITestsLaunchTests.swift */ = {isa = PBXFileReference; lastKnownFileType = sourcecode.swift; path = QuoteGeneratorUITestsLaunchTests.swift; sourceTree = "<group>"; };
		4D128D392AB938E70038608D /* Quote.swift */ = {isa = PBXFileReference; lastKnownFileType = sourcecode.swift; path = Quote.swift; sourceTree = "<group>"; };
		4D128D3B2AB939610038608D /* QuoteViewModel.swift */ = {isa = PBXFileReference; lastKnownFileType = sourcecode.swift; path = QuoteViewModel.swift; sourceTree = "<group>"; };
/* End PBXFileReference section */

/* Begin PBXFrameworksBuildPhase section */
		4D128D062AB937580038608D /* Frameworks */ = {
			isa = PBXFrameworksBuildPhase;
			buildActionMask = 2147483647;
			files = (
			);
			runOnlyForDeploymentPostprocessing = 0;
		};
		4D128D162AB9375A0038608D /* Frameworks */ = {
			isa = PBXFrameworksBuildPhase;
			buildActionMask = 2147483647;
			files = (
			);
			runOnlyForDeploymentPostprocessing = 0;
		};
		4D128D202AB9375A0038608D /* Frameworks */ = {
			isa = PBXFrameworksBuildPhase;
			buildActionMask = 2147483647;
			files = (
			);
			runOnlyForDeploymentPostprocessing = 0;
		};
/* End PBXFrameworksBuildPhase section */

/* Begin PBXGroup section */
		4D128D002AB937580038608D = {
			isa = PBXGroup;
			children = (
				4D128D0B2AB937580038608D /* QuoteGenerator */,
				4D128D1C2AB9375A0038608D /* QuoteGeneratorTests */,
				4D128D262AB9375A0038608D /* QuoteGeneratorUITests */,
				4D128D0A2AB937580038608D /* Products */,
			);
			sourceTree = "<group>";
		};
		4D128D0A2AB937580038608D /* Products */ = {
			isa = PBXGroup;
			children = (
				4D128D092AB937580038608D /* QuoteGenerator.app */,
				4D128D192AB9375A0038608D /* QuoteGeneratorTests.xctest */,
				4D128D232AB9375A0038608D /* QuoteGeneratorUITests.xctest */,
			);
			name = Products;
			sourceTree = "<group>";
		};
		4D128D0B2AB937580038608D /* QuoteGenerator */ = {
			isa = PBXGroup;
			children = (
				4D128D382AB938D50038608D /* View */,
				4D128D372AB938CD0038608D /* ViewModel */,
				4D128D362AB938860038608D /* Model */,
				4D128D0C2AB937580038608D /* QuoteGeneratorApp.swift */,
				4D128D102AB9375A0038608D /* Assets.xcassets */,
				4D128D122AB9375A0038608D /* Preview Content */,
			);
			path = QuoteGenerator;
			sourceTree = "<group>";
		};
		4D128D122AB9375A0038608D /* Preview Content */ = {
			isa = PBXGroup;
			children = (
				4D128D132AB9375A0038608D /* Preview Assets.xcassets */,
			);
			path = "Preview Content";
			sourceTree = "<group>";
		};
		4D128D1C2AB9375A0038608D /* QuoteGeneratorTests */ = {
			isa = PBXGroup;
			children = (
				4D128D1D2AB9375A0038608D /* QuoteGeneratorTests.swift */,
			);
			path = QuoteGeneratorTests;
			sourceTree = "<group>";
		};
		4D128D262AB9375A0038608D /* QuoteGeneratorUITests */ = {
			isa = PBXGroup;
			children = (
				4D128D272AB9375A0038608D /* QuoteGeneratorUITests.swift */,
				4D128D292AB9375A0038608D /* QuoteGeneratorUITestsLaunchTests.swift */,
			);
			path = QuoteGeneratorUITests;
			sourceTree = "<group>";
		};
		4D128D362AB938860038608D /* Model */ = {
			isa = PBXGroup;
			children = (
				4D128D392AB938E70038608D /* Quote.swift */,
			);
			path = Model;
			sourceTree = "<group>";
		};
		4D128D372AB938CD0038608D /* ViewModel */ = {
			isa = PBXGroup;
			children = (
				4D128D3B2AB939610038608D /* QuoteViewModel.swift */,
			);
			path = ViewModel;
			sourceTree = "<group>";
		};
		4D128D382AB938D50038608D /* View */ = {
			isa = PBXGroup;
			children = (
				4D128D0E2AB937580038608D /* ContentView.swift */,
			);
			path = View;
			sourceTree = "<group>";
		};
/* End PBXGroup section */

/* Begin PBXNativeTarget section */
		4D128D082AB937580038608D /* QuoteGenerator */ = {
			isa = PBXNativeTarget;
			buildConfigurationList = 4D128D2D2AB9375A0038608D /* Build configuration list for PBXNativeTarget "QuoteGenerator" */;
			buildPhases = (
				4D128D052AB937580038608D /* Sources */,
				4D128D062AB937580038608D /* Frameworks */,
				4D128D072AB937580038608D /* Resources */,
			);
			buildRules = (
			);
			dependencies = (
			);
			name = QuoteGenerator;
			productName = QuoteGenerator;
			productReference = 4D128D092AB937580038608D /* QuoteGenerator.app */;
			productType = "com.apple.product-type.application";
		};
		4D128D182AB9375A0038608D /* QuoteGeneratorTests */ = {
			isa = PBXNativeTarget;
			buildConfigurationList = 4D128D302AB9375A0038608D /* Build configuration list for PBXNativeTarget "QuoteGeneratorTests" */;
			buildPhases = (
				4D128D152AB9375A0038608D /* Sources */,
				4D128D162AB9375A0038608D /* Frameworks */,
				4D128D172AB9375A0038608D /* Resources */,
			);
			buildRules = (
			);
			dependencies = (
				4D128D1B2AB9375A0038608D /* PBXTargetDependency */,
			);
			name = QuoteGeneratorTests;
			productName = QuoteGeneratorTests;
			productReference = 4D128D192AB9375A0038608D /* QuoteGeneratorTests.xctest */;
			productType = "com.apple.product-type.bundle.unit-test";
		};
		4D128D222AB9375A0038608D /* QuoteGeneratorUITests */ = {
			isa = PBXNativeTarget;
			buildConfigurationList = 4D128D332AB9375A0038608D /* Build configuration list for PBXNativeTarget "QuoteGeneratorUITests" */;
			buildPhases = (
				4D128D1F2AB9375A0038608D /* Sources */,
				4D128D202AB9375A0038608D /* Frameworks */,
				4D128D212AB9375A0038608D /* Resources */,
			);
			buildRules = (
			);
			dependencies = (
				4D128D252AB9375A0038608D /* PBXTargetDependency */,
			);
			name = QuoteGeneratorUITests;
			productName = QuoteGeneratorUITests;
			productReference = 4D128D232AB9375A0038608D /* QuoteGeneratorUITests.xctest */;
			productType = "com.apple.product-type.bundle.ui-testing";
		};
/* End PBXNativeTarget section */

/* Begin PBXProject section */
		4D128D012AB937580038608D /* Project object */ = {
			isa = PBXProject;
			attributes = {
				BuildIndependentTargetsInParallel = 1;
				LastSwiftUpdateCheck = 1430;
				LastUpgradeCheck = 1430;
				TargetAttributes = {
					4D128D082AB937580038608D = {
						CreatedOnToolsVersion = 14.3.1;
					};
					4D128D182AB9375A0038608D = {
						CreatedOnToolsVersion = 14.3.1;
						TestTargetID = 4D128D082AB937580038608D;
					};
					4D128D222AB9375A0038608D = {
						CreatedOnToolsVersion = 14.3.1;
						TestTargetID = 4D128D082AB937580038608D;
					};
				};
			};
			buildConfigurationList = 4D128D042AB937580038608D /* Build configuration list for PBXProject "QuoteGenerator" */;
			compatibilityVersion = "Xcode 14.0";
			developmentRegion = en;
			hasScannedForEncodings = 0;
			knownRegions = (
				en,
				Base,
			);
			mainGroup = 4D128D002AB937580038608D;
			productRefGroup = 4D128D0A2AB937580038608D /* Products */;
			projectDirPath = "";
			projectRoot = "";
			targets = (
				4D128D082AB937580038608D /* QuoteGenerator */,
				4D128D182AB9375A0038608D /* QuoteGeneratorTests */,
				4D128D222AB9375A0038608D /* QuoteGeneratorUITests */,
			);
		};
/* End PBXProject section */

/* Begin PBXResourcesBuildPhase section */
		4D128D072AB937580038608D /* Resources */ = {
			isa = PBXResourcesBuildPhase;
			buildActionMask = 2147483647;
			files = (
				4D128D142AB9375A0038608D /* Preview Assets.xcassets in Resources */,
				4D128D112AB9375A0038608D /* Assets.xcassets in Resources */,
			);
			runOnlyForDeploymentPostprocessing = 0;
		};
		4D128D172AB9375A0038608D /* Resources */ = {
			isa = PBXResourcesBuildPhase;
			buildActionMask = 2147483647;
			files = (
			);
			runOnlyForDeploymentPostprocessing = 0;
		};
		4D128D212AB9375A0038608D /* Resources */ = {
			isa = PBXResourcesBuildPhase;
			buildActionMask = 2147483647;
			files = (
			);
			runOnlyForDeploymentPostprocessing = 0;
		};
/* End PBXResourcesBuildPhase section */

/* Begin PBXSourcesBuildPhase section */
		4D128D052AB937580038608D /* Sources */ = {
			isa = PBXSourcesBuildPhase;
			buildActionMask = 2147483647;
			files = (
				4D128D0F2AB937580038608D /* ContentView.swift in Sources */,
				4D128D3C2AB939610038608D /* QuoteViewModel.swift in Sources */,
				4D128D3A2AB938E70038608D /* Quote.swift in Sources */,
				4D128D0D2AB937580038608D /* QuoteGeneratorApp.swift in Sources */,
			);
			runOnlyForDeploymentPostprocessing = 0;
		};
		4D128D152AB9375A0038608D /* Sources */ = {
			isa = PBXSourcesBuildPhase;
			buildActionMask = 2147483647;
			files = (
				4D128D1E2AB9375A0038608D /* QuoteGeneratorTests.swift in Sources */,
			);
			runOnlyForDeploymentPostprocessing = 0;
		};
		4D128D1F2AB9375A0038608D /* Sources */ = {
			isa = PBXSourcesBuildPhase;
			buildActionMask = 2147483647;
			files = (
				4D128D282AB9375A0038608D /* QuoteGeneratorUITests.swift in Sources */,
				4D128D2A2AB9375A0038608D /* QuoteGeneratorUITestsLaunchTests.swift in Sources */,
			);
			runOnlyForDeploymentPostprocessing = 0;
		};
/* End PBXSourcesBuildPhase section */

/* Begin PBXTargetDependency section */
		4D128D1B2AB9375A0038608D /* PBXTargetDependency */ = {
			isa = PBXTargetDependency;
			target = 4D128D082AB937580038608D /* QuoteGenerator */;
			targetProxy = 4D128D1A2AB9375A0038608D /* PBXContainerItemProxy */;
		};
		4D128D252AB9375A0038608D /* PBXTargetDependency */ = {
			isa = PBXTargetDependency;
			target = 4D128D082AB937580038608D /* QuoteGenerator */;
			targetProxy = 4D128D242AB9375A0038608D /* PBXContainerItemProxy */;
		};
/* End PBXTargetDependency section */

/* Begin XCBuildConfiguration section */
		4D128D2B2AB9375A0038608D /* Debug */ = {
			isa = XCBuildConfiguration;
			buildSettings = {
				ALWAYS_SEARCH_USER_PATHS = NO;
				CLANG_ANALYZER_NONNULL = YES;
				CLANG_ANALYZER_NUMBER_OBJECT_CONVERSION = YES_AGGRESSIVE;
				CLANG_CXX_LANGUAGE_STANDARD = "gnu++20";
				CLANG_ENABLE_MODULES = YES;
				CLANG_ENABLE_OBJC_ARC = YES;
				CLANG_ENABLE_OBJC_WEAK = YES;
				CLANG_WARN_BLOCK_CAPTURE_AUTORELEASING = YES;
				CLANG_WARN_BOOL_CONVERSION = YES;
				CLANG_WARN_COMMA = YES;
				CLANG_WARN_CONSTANT_CONVERSION = YES;
				CLANG_WARN_DEPRECATED_OBJC_IMPLEMENTATIONS = YES;
				CLANG_WARN_DIRECT_OBJC_ISA_USAGE = YES_ERROR;
				CLANG_WARN_DOCUMENTATION_COMMENTS = YES;
				CLANG_WARN_EMPTY_BODY = YES;
				CLANG_WARN_ENUM_CONVERSION = YES;
				CLANG_WARN_INFINITE_RECURSION = YES;
				CLANG_WARN_INT_CONVERSION = YES;
				CLANG_WARN_NON_LITERAL_NULL_CONVERSION = YES;
				CLANG_WARN_OBJC_IMPLICIT_RETAIN_SELF = YES;
				CLANG_WARN_OBJC_LITERAL_CONVERSION = YES;
				CLANG_WARN_OBJC_ROOT_CLASS = YES_ERROR;
				CLANG_WARN_QUOTED_INCLUDE_IN_FRAMEWORK_HEADER = YES;
				CLANG_WARN_RANGE_LOOP_ANALYSIS = YES;
				CLANG_WARN_STRICT_PROTOTYPES = YES;
				CLANG_WARN_SUSPICIOUS_MOVE = YES;
				CLANG_WARN_UNGUARDED_AVAILABILITY = YES_AGGRESSIVE;
				CLANG_WARN_UNREACHABLE_CODE = YES;
				CLANG_WARN__DUPLICATE_METHOD_MATCH = YES;
				COPY_PHASE_STRIP = NO;
				DEBUG_INFORMATION_FORMAT = dwarf;
				ENABLE_STRICT_OBJC_MSGSEND = YES;
				ENABLE_TESTABILITY = YES;
				GCC_C_LANGUAGE_STANDARD = gnu11;
				GCC_DYNAMIC_NO_PIC = NO;
				GCC_NO_COMMON_BLOCKS = YES;
				GCC_OPTIMIZATION_LEVEL = 0;
				GCC_PREPROCESSOR_DEFINITIONS = (
					"DEBUG=1",
					"$(inherited)",
				);
				GCC_WARN_64_TO_32_BIT_CONVERSION = YES;
				GCC_WARN_ABOUT_RETURN_TYPE = YES_ERROR;
				GCC_WARN_UNDECLARED_SELECTOR = YES;
				GCC_WARN_UNINITIALIZED_AUTOS = YES_AGGRESSIVE;
				GCC_WARN_UNUSED_FUNCTION = YES;
				GCC_WARN_UNUSED_VARIABLE = YES;
				IPHONEOS_DEPLOYMENT_TARGET = 16.4;
				MTL_ENABLE_DEBUG_INFO = INCLUDE_SOURCE;
				MTL_FAST_MATH = YES;
				ONLY_ACTIVE_ARCH = YES;
				SDKROOT = iphoneos;
				SWIFT_ACTIVE_COMPILATION_CONDITIONS = DEBUG;
				SWIFT_OPTIMIZATION_LEVEL = "-Onone";
			};
			name = Debug;
		};
		4D128D2C2AB9375A0038608D /* Release */ = {
			isa = XCBuildConfiguration;
			buildSettings = {
				ALWAYS_SEARCH_USER_PATHS = NO;
				CLANG_ANALYZER_NONNULL = YES;
				CLANG_ANALYZER_NUMBER_OBJECT_CONVERSION = YES_AGGRESSIVE;
				CLANG_CXX_LANGUAGE_STANDARD = "gnu++20";
				CLANG_ENABLE_MODULES = YES;
				CLANG_ENABLE_OBJC_ARC = YES;
				CLANG_ENABLE_OBJC_WEAK = YES;
				CLANG_WARN_BLOCK_CAPTURE_AUTORELEASING = YES;
				CLANG_WARN_BOOL_CONVERSION = YES;
				CLANG_WARN_COMMA = YES;
				CLANG_WARN_CONSTANT_CONVERSION = YES;
				CLANG_WARN_DEPRECATED_OBJC_IMPLEMENTATIONS = YES;
				CLANG_WARN_DIRECT_OBJC_ISA_USAGE = YES_ERROR;
				CLANG_WARN_DOCUMENTATION_COMMENTS = YES;
				CLANG_WARN_EMPTY_BODY = YES;
				CLANG_WARN_ENUM_CONVERSION = YES;
				CLANG_WARN_INFINITE_RECURSION = YES;
				CLANG_WARN_INT_CONVERSION = YES;
				CLANG_WARN_NON_LITERAL_NULL_CONVERSION = YES;
				CLANG_WARN_OBJC_IMPLICIT_RETAIN_SELF = YES;
				CLANG_WARN_OBJC_LITERAL_CONVERSION = YES;
				CLANG_WARN_OBJC_ROOT_CLASS = YES_ERROR;
				CLANG_WARN_QUOTED_INCLUDE_IN_FRAMEWORK_HEADER = YES;
				CLANG_WARN_RANGE_LOOP_ANALYSIS = YES;
				CLANG_WARN_STRICT_PROTOTYPES = YES;
				CLANG_WARN_SUSPICIOUS_MOVE = YES;
				CLANG_WARN_UNGUARDED_AVAILABILITY = YES_AGGRESSIVE;
				CLANG_WARN_UNREACHABLE_CODE = YES;
				CLANG_WARN__DUPLICATE_METHOD_MATCH = YES;
				COPY_PHASE_STRIP = NO;
				DEBUG_INFORMATION_FORMAT = "dwarf-with-dsym";
				ENABLE_NS_ASSERTIONS = NO;
				ENABLE_STRICT_OBJC_MSGSEND = YES;
				GCC_C_LANGUAGE_STANDARD = gnu11;
				GCC_NO_COMMON_BLOCKS = YES;
				GCC_WARN_64_TO_32_BIT_CONVERSION = YES;
				GCC_WARN_ABOUT_RETURN_TYPE = YES_ERROR;
				GCC_WARN_UNDECLARED_SELECTOR = YES;
				GCC_WARN_UNINITIALIZED_AUTOS = YES_AGGRESSIVE;
				GCC_WARN_UNUSED_FUNCTION = YES;
				GCC_WARN_UNUSED_VARIABLE = YES;
				IPHONEOS_DEPLOYMENT_TARGET = 16.4;
				MTL_ENABLE_DEBUG_INFO = NO;
				MTL_FAST_MATH = YES;
				SDKROOT = iphoneos;
				SWIFT_COMPILATION_MODE = wholemodule;
				SWIFT_OPTIMIZATION_LEVEL = "-O";
				VALIDATE_PRODUCT = YES;
			};
			name = Release;
		};
		4D128D2E2AB9375A0038608D /* Debug */ = {
			isa = XCBuildConfiguration;
			buildSettings = {
				ASSETCATALOG_COMPILER_APPICON_NAME = AppIcon;
				ASSETCATALOG_COMPILER_GLOBAL_ACCENT_COLOR_NAME = AccentColor;
				CODE_SIGN_STYLE = Automatic;
				CURRENT_PROJECT_VERSION = 1;
				DEVELOPMENT_ASSET_PATHS = "\"QuoteGenerator/Preview Content\"";
				ENABLE_PREVIEWS = YES;
				GENERATE_INFOPLIST_FILE = YES;
				INFOPLIST_KEY_UIApplicationSceneManifest_Generation = YES;
				INFOPLIST_KEY_UIApplicationSupportsIndirectInputEvents = YES;
				INFOPLIST_KEY_UILaunchScreen_Generation = YES;
				INFOPLIST_KEY_UISupportedInterfaceOrientations = UIInterfaceOrientationPortrait;
				INFOPLIST_KEY_UISupportedInterfaceOrientations_iPad = "UIInterfaceOrientationLandscapeLeft UIInterfaceOrientationLandscapeRight UIInterfaceOrientationPortrait UIInterfaceOrientationPortraitUpsideDown";
				LD_RUNPATH_SEARCH_PATHS = (
					"$(inherited)",
					"@executable_path/Frameworks",
				);
				MARKETING_VERSION = 1.0;
				PRODUCT_BUNDLE_IDENTIFIER = edu.usc.QuoteGenerator;
				PRODUCT_NAME = "$(TARGET_NAME)";
				SWIFT_EMIT_LOC_STRINGS = YES;
				SWIFT_VERSION = 5.0;
				TARGETED_DEVICE_FAMILY = "1,2";
			};
			name = Debug;
		};
		4D128D2F2AB9375A0038608D /* Release */ = {
			isa = XCBuildConfiguration;
			buildSettings = {
				ASSETCATALOG_COMPILER_APPICON_NAME = AppIcon;
				ASSETCATALOG_COMPILER_GLOBAL_ACCENT_COLOR_NAME = AccentColor;
				CODE_SIGN_STYLE = Automatic;
				CURRENT_PROJECT_VERSION = 1;
				DEVELOPMENT_ASSET_PATHS = "\"QuoteGenerator/Preview Content\"";
				ENABLE_PREVIEWS = YES;
				GENERATE_INFOPLIST_FILE = YES;
				INFOPLIST_KEY_UIApplicationSceneManifest_Generation = YES;
				INFOPLIST_KEY_UIApplicationSupportsIndirectInputEvents = YES;
				INFOPLIST_KEY_UILaunchScreen_Generation = YES;
				INFOPLIST_KEY_UISupportedInterfaceOrientations = UIInterfaceOrientationPortrait;
				INFOPLIST_KEY_UISupportedInterfaceOrientations_iPad = "UIInterfaceOrientationLandscapeLeft UIInterfaceOrientationLandscapeRight UIInterfaceOrientationPortrait UIInterfaceOrientationPortraitUpsideDown";
				LD_RUNPATH_SEARCH_PATHS = (
					"$(inherited)",
					"@executable_path/Frameworks",
				);
				MARKETING_VERSION = 1.0;
				PRODUCT_BUNDLE_IDENTIFIER = edu.usc.QuoteGenerator;
				PRODUCT_NAME = "$(TARGET_NAME)";
				SWIFT_EMIT_LOC_STRINGS = YES;
				SWIFT_VERSION = 5.0;
				TARGETED_DEVICE_FAMILY = "1,2";
			};
			name = Release;
		};
		4D128D312AB9375A0038608D /* Debug */ = {
			isa = XCBuildConfiguration;
			buildSettings = {
				ALWAYS_EMBED_SWIFT_STANDARD_LIBRARIES = YES;
				BUNDLE_LOADER = "$(TEST_HOST)";
				CODE_SIGN_STYLE = Automatic;
				CURRENT_PROJECT_VERSION = 1;
				GENERATE_INFOPLIST_FILE = YES;
				IPHONEOS_DEPLOYMENT_TARGET = 16.4;
				MARKETING_VERSION = 1.0;
				PRODUCT_BUNDLE_IDENTIFIER = edu.usc.QuoteGeneratorTests;
				PRODUCT_NAME = "$(TARGET_NAME)";
				SWIFT_EMIT_LOC_STRINGS = NO;
				SWIFT_VERSION = 5.0;
				TARGETED_DEVICE_FAMILY = "1,2";
				TEST_HOST = "$(BUILT_PRODUCTS_DIR)/QuoteGenerator.app/$(BUNDLE_EXECUTABLE_FOLDER_PATH)/QuoteGenerator";
			};
			name = Debug;
		};
		4D128D322AB9375A0038608D /* Release */ = {
			isa = XCBuildConfiguration;
			buildSettings = {
				ALWAYS_EMBED_SWIFT_STANDARD_LIBRARIES = YES;
				BUNDLE_LOADER = "$(TEST_HOST)";
				CODE_SIGN_STYLE = Automatic;
				CURRENT_PROJECT_VERSION = 1;
				GENERATE_INFOPLIST_FILE = YES;
				IPHONEOS_DEPLOYMENT_TARGET = 16.4;
				MARKETING_VERSION = 1.0;
				PRODUCT_BUNDLE_IDENTIFIER = edu.usc.QuoteGeneratorTests;
				PRODUCT_NAME = "$(TARGET_NAME)";
				SWIFT_EMIT_LOC_STRINGS = NO;
				SWIFT_VERSION = 5.0;
				TARGETED_DEVICE_FAMILY = "1,2";
				TEST_HOST = "$(BUILT_PRODUCTS_DIR)/QuoteGenerator.app/$(BUNDLE_EXECUTABLE_FOLDER_PATH)/QuoteGenerator";
			};
			name = Release;
		};
		4D128D342AB9375A0038608D /* Debug */ = {
			isa = XCBuildConfiguration;
			buildSettings = {
				ALWAYS_EMBED_SWIFT_STANDARD_LIBRARIES = YES;
				CODE_SIGN_STYLE = Automatic;
				CURRENT_PROJECT_VERSION = 1;
				GENERATE_INFOPLIST_FILE = YES;
				MARKETING_VERSION = 1.0;
				PRODUCT_BUNDLE_IDENTIFIER = edu.usc.QuoteGeneratorUITests;
				PRODUCT_NAME = "$(TARGET_NAME)";
				SWIFT_EMIT_LOC_STRINGS = NO;
				SWIFT_VERSION = 5.0;
				TARGETED_DEVICE_FAMILY = "1,2";
				TEST_TARGET_NAME = QuoteGenerator;
			};
			name = Debug;
		};
		4D128D352AB9375A0038608D /* Release */ = {
			isa = XCBuildConfiguration;
			buildSettings = {
				ALWAYS_EMBED_SWIFT_STANDARD_LIBRARIES = YES;
				CODE_SIGN_STYLE = Automatic;
				CURRENT_PROJECT_VERSION = 1;
				GENERATE_INFOPLIST_FILE = YES;
				MARKETING_VERSION = 1.0;
				PRODUCT_BUNDLE_IDENTIFIER = edu.usc.QuoteGeneratorUITests;
				PRODUCT_NAME = "$(TARGET_NAME)";
				SWIFT_EMIT_LOC_STRINGS = NO;
				SWIFT_VERSION = 5.0;
				TARGETED_DEVICE_FAMILY = "1,2";
				TEST_TARGET_NAME = QuoteGenerator;
			};
			name = Release;
		};
/* End XCBuildConfiguration section */

/* Begin XCConfigurationList section */
		4D128D042AB937580038608D /* Build configuration list for PBXProject "QuoteGenerator" */ = {
			isa = XCConfigurationList;
			buildConfigurations = (
				4D128D2B2AB9375A0038608D /* Debug */,
				4D128D2C2AB9375A0038608D /* Release */,
			);
			defaultConfigurationIsVisible = 0;
			defaultConfigurationName = Release;
		};
		4D128D2D2AB9375A0038608D /* Build configuration list for PBXNativeTarget "QuoteGenerator" */ = {
			isa = XCConfigurationList;
			buildConfigurations = (
				4D128D2E2AB9375A0038608D /* Debug */,
				4D128D2F2AB9375A0038608D /* Release */,
			);
			defaultConfigurationIsVisible = 0;
			defaultConfigurationName = Release;
		};
		4D128D302AB9375A0038608D /* Build configuration list for PBXNativeTarget "QuoteGeneratorTests" */ = {
			isa = XCConfigurationList;
			buildConfigurations = (
				4D128D312AB9375A0038608D /* Debug */,
				4D128D322AB9375A0038608D /* Release */,
			);
			defaultConfigurationIsVisible = 0;
			defaultConfigurationName = Release;
		};
		4D128D332AB9375A0038608D /* Build configuration list for PBXNativeTarget "QuoteGeneratorUITests" */ = {
			isa = XCConfigurationList;
			buildConfigurations = (
				4D128D342AB9375A0038608D /* Debug */,
				4D128D352AB9375A0038608D /* Release */,
			);
			defaultConfigurationIsVisible = 0;
			defaultConfigurationName = Release;
		};
/* End XCConfigurationList section */
	};
	rootObject = 4D128D012AB937580038608D /* Project object */;
}
